
Microsoft Visual Studio Solution File, Format Version 12.00
# Visual Studio Version 16
VisualStudioVersion = 16.0.33328.57
MinimumVisualStudioVersion = 10.0.40219.1
Project("{FAE04EC0-301F-11D3-BF4B-00C04F79EFBC}") = "HocLinq", "HocLinq\HocLinq.csproj", "{37BE4A1D-1BC1-4C08-8BBB-38E2E871AC49}"
EndProject
Global
	GlobalSection(SolutionConfigurationPlatforms) = preSolution
		Debug|Any CPU = Debug|Any CPU
		Release|Any CPU = Release|Any CPU
	EndGlobalSection
	GlobalSection(ProjectConfigurationPlatforms) = postSolution
		{37BE4A1D-1BC1-4C08-8BBB-38E2E871AC49}.Debug|Any CPU.ActiveCfg = Debug|Any CPU
		{37BE4A1D-1BC1-4C08-8BBB-38E2E871AC49}.Debug|Any CPU.Build.0 = Debug|Any CPU
		{37BE4A1D-1BC1-4C08-8BBB-38E2E871AC49}.Release|Any CPU.ActiveCfg = Release|Any CPU
		{37BE4A1D-1BC1-4C08-8BBB-38E2E871AC49}.Release|Any CPU.Build.0 = Release|Any CPU
	EndGlobalSection
	GlobalSection(SolutionProperties) = preSolution
		HideSolutionNode = FALSE
	EndGlobalSection
	GlobalSection(ExtensibilityGlobals) = postSolution
		SolutionGuid = {FAF1C351-D68C-496F-AA6C-30AAABC60DF5}
	EndGlobalSection
EndGlobal
