
Microsoft Visual Studio Solution File, Format Version 12.00
# Visual Studio Version 17
VisualStudioVersion = 17.5.33502.453
MinimumVisualStudioVersion = 10.0.40219.1
Project("{FAE04EC0-301F-11D3-BF4B-00C04F79EFBC}") = "HoangDucVan_DeSo1", "HoangDucVan_DeSo1\HoangDucVan_DeSo1.csproj", "{DBB79536-2961-4916-B2B2-0AC457D5C562}"
EndProject
Global
	GlobalSection(SolutionConfigurationPlatforms) = preSolution
		Debug|Any CPU = Debug|Any CPU
		Release|Any CPU = Release|Any CPU
	EndGlobalSection
	GlobalSection(ProjectConfigurationPlatforms) = postSolution
		{DBB79536-2961-4916-B2B2-0AC457D5C562}.Debug|Any CPU.ActiveCfg = Debug|Any CPU
		{DBB79536-2961-4916-B2B2-0AC457D5C562}.Debug|Any CPU.Build.0 = Debug|Any CPU
		{DBB79536-2961-4916-B2B2-0AC457D5C562}.Release|Any CPU.ActiveCfg = Release|Any CPU
		{DBB79536-2961-4916-B2B2-0AC457D5C562}.Release|Any CPU.Build.0 = Release|Any CPU
	EndGlobalSection
	GlobalSection(SolutionProperties) = preSolution
		HideSolutionNode = FALSE
	EndGlobalSection
	GlobalSection(ExtensibilityGlobals) = postSolution
		SolutionGuid = {3E680A7E-F3CA-417B-8040-F85DDD4EA93C}
	EndGlobalSection
EndGlobal
