
Microsoft Visual Studio Solution File, Format Version 12.00
# Visual Studio Version 17
VisualStudioVersion = 17.5.33502.453
MinimumVisualStudioVersion = 10.0.40219.1
Project("{FAE04EC0-301F-11D3-BF4B-00C04F79EFBC}") = "test", "test\test.csproj", "{E8A89AE3-C019-4403-9433-B254A0146661}"
EndProject
Global
	GlobalSection(SolutionConfigurationPlatforms) = preSolution
		Debug|Any CPU = Debug|Any CPU
		Release|Any CPU = Release|Any CPU
	EndGlobalSection
	GlobalSection(ProjectConfigurationPlatforms) = postSolution
		{E8A89AE3-C019-4403-9433-B254A0146661}.Debug|Any CPU.ActiveCfg = Debug|Any CPU
		{E8A89AE3-C019-4403-9433-B254A0146661}.Debug|Any CPU.Build.0 = Debug|Any CPU
		{E8A89AE3-C019-4403-9433-B254A0146661}.Release|Any CPU.ActiveCfg = Release|Any CPU
		{E8A89AE3-C019-4403-9433-B254A0146661}.Release|Any CPU.Build.0 = Release|Any CPU
	EndGlobalSection
	GlobalSection(SolutionProperties) = preSolution
		HideSolutionNode = FALSE
	EndGlobalSection
	GlobalSection(ExtensibilityGlobals) = postSolution
		SolutionGuid = {975B7E4E-5B74-4411-87C3-156B1E832301}
	EndGlobalSection
EndGlobal
